
Microsoft Visual Studio Solution File, Format Version 12.00
# Visual Studio 15
VisualStudioVersion = 15.0.27703.2026
MinimumVisualStudioVersion = 10.0.40219.1
Project("{9A19103F-16F7-4668-BE54-9A1E7A4F7556}") = "Problem001", "Problem001\Problem001.csproj", "{1C56894B-42EA-463C-BACF-CB57561E97EA}"
EndProject
Project("{9A19103F-16F7-4668-BE54-9A1E7A4F7556}") = "Problem002", "Problem002\Problem002.csproj", "{E19A8758-3FF9-4938-BA26-BD56E14431B5}"
EndProject
Project("{9A19103F-16F7-4668-BE54-9A1E7A4F7556}") = "Problem003", "Problem003\Problem003.csproj", "{C8950596-CC23-453E-83EB-BB9620C1D80E}"
EndProject
Project("{9A19103F-16F7-4668-BE54-9A1E7A4F7556}") = "Problem004", "Problem004\Problem004.csproj", "{EAC6E279-0038-4447-B61C-02028146A4F9}"
EndProject
Project("{9A19103F-16F7-4668-BE54-9A1E7A4F7556}") = "Problem005", "Problem005\Problem005.csproj", "{347BA537-0D68-4FDA-AF03-3A8B7A81FCDC}"
EndProject
Project("{9A19103F-16F7-4668-BE54-9A1E7A4F7556}") = "Problem006", "Problem006\Problem006.csproj", "{A8A51858-E2C4-4C99-9411-414FCA91909C}"
EndProject
Project("{9A19103F-16F7-4668-BE54-9A1E7A4F7556}") = "Problem007", "Problem007\Problem007.csproj", "{B23CF926-E52E-4482-BB4D-6A9FE17D72D9}"
EndProject
Project("{9A19103F-16F7-4668-BE54-9A1E7A4F7556}") = "Problem008", "Problem008\Problem008.csproj", "{38440399-EF10-4EFE-B925-DA58E8A38319}"
EndProject
Project("{9A19103F-16F7-4668-BE54-9A1E7A4F7556}") = "Problem009", "Problem009\Problem009.csproj", "{72198688-E967-4B46-8DC4-5F633E8B079B}"
EndProject
Project("{FAE04EC0-301F-11D3-BF4B-00C04F79EFBC}") = "Problem010", "Problem010\Problem010.csproj", "{730A7532-8237-4D1F-B5FF-A99D7AC41152}"
EndProject
Global
	GlobalSection(SolutionConfigurationPlatforms) = preSolution
		Debug|Any CPU = Debug|Any CPU
		Release|Any CPU = Release|Any CPU
	EndGlobalSection
	GlobalSection(ProjectConfigurationPlatforms) = postSolution
		{1C56894B-42EA-463C-BACF-CB57561E97EA}.Debug|Any CPU.ActiveCfg = Debug|Any CPU
		{1C56894B-42EA-463C-BACF-CB57561E97EA}.Debug|Any CPU.Build.0 = Debug|Any CPU
		{1C56894B-42EA-463C-BACF-CB57561E97EA}.Release|Any CPU.ActiveCfg = Release|Any CPU
		{1C56894B-42EA-463C-BACF-CB57561E97EA}.Release|Any CPU.Build.0 = Release|Any CPU
		{E19A8758-3FF9-4938-BA26-BD56E14431B5}.Debug|Any CPU.ActiveCfg = Debug|Any CPU
		{E19A8758-3FF9-4938-BA26-BD56E14431B5}.Debug|Any CPU.Build.0 = Debug|Any CPU
		{E19A8758-3FF9-4938-BA26-BD56E14431B5}.Release|Any CPU.ActiveCfg = Release|Any CPU
		{E19A8758-3FF9-4938-BA26-BD56E14431B5}.Release|Any CPU.Build.0 = Release|Any CPU
		{C8950596-CC23-453E-83EB-BB9620C1D80E}.Debug|Any CPU.ActiveCfg = Debug|Any CPU
		{C8950596-CC23-453E-83EB-BB9620C1D80E}.Debug|Any CPU.Build.0 = Debug|Any CPU
		{C8950596-CC23-453E-83EB-BB9620C1D80E}.Release|Any CPU.ActiveCfg = Release|Any CPU
		{C8950596-CC23-453E-83EB-BB9620C1D80E}.Release|Any CPU.Build.0 = Release|Any CPU
		{EAC6E279-0038-4447-B61C-02028146A4F9}.Debug|Any CPU.ActiveCfg = Debug|Any CPU
		{EAC6E279-0038-4447-B61C-02028146A4F9}.Debug|Any CPU.Build.0 = Debug|Any CPU
		{EAC6E279-0038-4447-B61C-02028146A4F9}.Release|Any CPU.ActiveCfg = Release|Any CPU
		{EAC6E279-0038-4447-B61C-02028146A4F9}.Release|Any CPU.Build.0 = Release|Any CPU
		{347BA537-0D68-4FDA-AF03-3A8B7A81FCDC}.Debug|Any CPU.ActiveCfg = Debug|Any CPU
		{347BA537-0D68-4FDA-AF03-3A8B7A81FCDC}.Debug|Any CPU.Build.0 = Debug|Any CPU
		{347BA537-0D68-4FDA-AF03-3A8B7A81FCDC}.Release|Any CPU.ActiveCfg = Release|Any CPU
		{347BA537-0D68-4FDA-AF03-3A8B7A81FCDC}.Release|Any CPU.Build.0 = Release|Any CPU
		{A8A51858-E2C4-4C99-9411-414FCA91909C}.Debug|Any CPU.ActiveCfg = Debug|Any CPU
		{A8A51858-E2C4-4C99-9411-414FCA91909C}.Debug|Any CPU.Build.0 = Debug|Any CPU
		{A8A51858-E2C4-4C99-9411-414FCA91909C}.Release|Any CPU.ActiveCfg = Release|Any CPU
		{A8A51858-E2C4-4C99-9411-414FCA91909C}.Release|Any CPU.Build.0 = Release|Any CPU
		{B23CF926-E52E-4482-BB4D-6A9FE17D72D9}.Debug|Any CPU.ActiveCfg = Debug|Any CPU
		{B23CF926-E52E-4482-BB4D-6A9FE17D72D9}.Debug|Any CPU.Build.0 = Debug|Any CPU
		{B23CF926-E52E-4482-BB4D-6A9FE17D72D9}.Release|Any CPU.ActiveCfg = Release|Any CPU
		{B23CF926-E52E-4482-BB4D-6A9FE17D72D9}.Release|Any CPU.Build.0 = Release|Any CPU
		{38440399-EF10-4EFE-B925-DA58E8A38319}.Debug|Any CPU.ActiveCfg = Debug|Any CPU
		{38440399-EF10-4EFE-B925-DA58E8A38319}.Debug|Any CPU.Build.0 = Debug|Any CPU
		{38440399-EF10-4EFE-B925-DA58E8A38319}.Release|Any CPU.ActiveCfg = Release|Any CPU
		{38440399-EF10-4EFE-B925-DA58E8A38319}.Release|Any CPU.Build.0 = Release|Any CPU
		{72198688-E967-4B46-8DC4-5F633E8B079B}.Debug|Any CPU.ActiveCfg = Debug|Any CPU
		{72198688-E967-4B46-8DC4-5F633E8B079B}.Debug|Any CPU.Build.0 = Debug|Any CPU
		{72198688-E967-4B46-8DC4-5F633E8B079B}.Release|Any CPU.ActiveCfg = Release|Any CPU
		{72198688-E967-4B46-8DC4-5F633E8B079B}.Release|Any CPU.Build.0 = Release|Any CPU
		{730A7532-8237-4D1F-B5FF-A99D7AC41152}.Debug|Any CPU.ActiveCfg = Debug|Any CPU
		{730A7532-8237-4D1F-B5FF-A99D7AC41152}.Debug|Any CPU.Build.0 = Debug|Any CPU
		{730A7532-8237-4D1F-B5FF-A99D7AC41152}.Release|Any CPU.ActiveCfg = Release|Any CPU
		{730A7532-8237-4D1F-B5FF-A99D7AC41152}.Release|Any CPU.Build.0 = Release|Any CPU
	EndGlobalSection
	GlobalSection(SolutionProperties) = preSolution
		HideSolutionNode = FALSE
	EndGlobalSection
	GlobalSection(ExtensibilityGlobals) = postSolution
		SolutionGuid = {FB554403-C1DF-49C1-BB72-0787E1696309}
	EndGlobalSection
EndGlobal
